
Microsoft Visual Studio Solution File, Format Version 12.00
# Visual Studio 15
VisualStudioVersion = 15.0.28010.2016
MinimumVisualStudioVersion = 10.0.40219.1
Project("{FAE04EC0-301F-11D3-BF4B-00C04F79EFBC}") = "ManiacRegex", "ManiacRegex\ManiacRegex.csproj", "{84AF4854-389C-4A58-9DF1-1CA064017B48}"
EndProject
Project("{2150E333-8FDC-42A3-9474-1A3956D46DE8}") = "Solution Items", "Solution Items", "{2A583504-46D9-4AE7-9112-288AC7014583}"
	ProjectSection(SolutionItems) = preProject
		text.txt = text.txt
	EndProjectSection
EndProject
Global
	GlobalSection(SolutionConfigurationPlatforms) = preSolution
		Debug|Any CPU = Debug|Any CPU
		Release|Any CPU = Release|Any CPU
	EndGlobalSection
	GlobalSection(ProjectConfigurationPlatforms) = postSolution
		{84AF4854-389C-4A58-9DF1-1CA064017B48}.Debug|Any CPU.ActiveCfg = Debug|Any CPU
		{84AF4854-389C-4A58-9DF1-1CA064017B48}.Debug|Any CPU.Build.0 = Debug|Any CPU
		{84AF4854-389C-4A58-9DF1-1CA064017B48}.Release|Any CPU.ActiveCfg = Release|Any CPU
		{84AF4854-389C-4A58-9DF1-1CA064017B48}.Release|Any CPU.Build.0 = Release|Any CPU
	EndGlobalSection
	GlobalSection(SolutionProperties) = preSolution
		HideSolutionNode = FALSE
	EndGlobalSection
	GlobalSection(ExtensibilityGlobals) = postSolution
		SolutionGuid = {E42E2F48-DB64-4551-BE46-64C87D4B5F84}
	EndGlobalSection
EndGlobal
